# generated by rye
# use `rye lock` or `rye sync` to update this lockfile
#
# last locked with the following flags:
#   pre: false
#   features: []
#   all-features: false
#   with-sources: false
#   generate-hashes: false
#   universal: false

annotated-types==0.7.0
    # via pydantic
beet==0.109.3
    # via bolt
    # via mecha
bolt==0.49.1
click==8.1.8
    # via beet
    # via click-help-colors
click-help-colors==0.9.4
    # via beet
jinja2==3.1.5
    # via beet
markupsafe==3.0.2
    # via jinja2
mecha==0.96.0
    # via bolt
nbtlib==1.12.1
    # via beet
numpy==2.2.1
    # via nbtlib
pathspec==0.11.2
    # via beet
pydantic==2.10.5
    # via beet
pydantic-core==2.27.2
    # via pydantic
pyyaml==6.0.2
    # via beet
tokenstream==1.7.0
    # via mecha
toml==0.10.2
    # via beet
typing-extensions==4.12.2
    # via beet
    # via pydantic
    # via pydantic-core
